
Microsoft Visual Studio Solution File, Format Version 12.00
Project("{2150E333-8FDC-42A3-9474-1A3956D46DE8}") = "WebLibrary_Core", "WebLibrary_Core", "{5D1D64DD-2A68-49B9-9BBE-7F35A2540D5A}"
EndProject
Project("{2150E333-8FDC-42A3-9474-1A3956D46DE8}") = "WebLibrary_Infrastructure", "WebLibrary_Infrastructure", "{C3D2AD7D-9462-46BC-BDDB-DA03724C7877}"
EndProject
Project("{2150E333-8FDC-42A3-9474-1A3956D46DE8}") = "WebLibrary_Presentation", "WebLibrary_Presentation", "{74B8A91D-311F-4B26-814E-F4E593C384B4}"
EndProject
Project("{2150E333-8FDC-42A3-9474-1A3956D46DE8}") = "WebLibrary_Tests", "WebLibrary_Tests", "{8F351EE1-19E2-45D8-BE00-D52CE0403564}"
EndProject
Project("{FAE04EC0-301F-11D3-BF4B-00C04F79EFBC}") = "Library.Domain", "Library.Domain\Library.Domain.csproj", "{2EC60E31-7ACC-4136-BCDD-952B9D3209D2}"
EndProject
Project("{FAE04EC0-301F-11D3-BF4B-00C04F79EFBC}") = "Library.Application", "Library.Application\Library.Application.csproj", "{604D9500-B020-48C7-95A7-CF89246A0133}"
EndProject
Project("{FAE04EC0-301F-11D3-BF4B-00C04F79EFBC}") = "Library.Persistance", "Library.Persistance\Library.Persistance.csproj", "{064F0F0B-0E77-4173-A637-7F4F52792A17}"
EndProject
Project("{FAE04EC0-301F-11D3-BF4B-00C04F79EFBC}") = "Library.WebAPI", "Library.WebAPI\Library.WebAPI.csproj", "{E8CD86E8-441A-4003-8418-74FA82F25974}"
EndProject
Global
	GlobalSection(SolutionConfigurationPlatforms) = preSolution
		Debug|Any CPU = Debug|Any CPU
		Release|Any CPU = Release|Any CPU
	EndGlobalSection
	GlobalSection(NestedProjects) = preSolution
		{2EC60E31-7ACC-4136-BCDD-952B9D3209D2} = {5D1D64DD-2A68-49B9-9BBE-7F35A2540D5A}
		{604D9500-B020-48C7-95A7-CF89246A0133} = {5D1D64DD-2A68-49B9-9BBE-7F35A2540D5A}
		{064F0F0B-0E77-4173-A637-7F4F52792A17} = {C3D2AD7D-9462-46BC-BDDB-DA03724C7877}
		{E8CD86E8-441A-4003-8418-74FA82F25974} = {74B8A91D-311F-4B26-814E-F4E593C384B4}
	EndGlobalSection
	GlobalSection(ProjectConfigurationPlatforms) = postSolution
		{2EC60E31-7ACC-4136-BCDD-952B9D3209D2}.Debug|Any CPU.ActiveCfg = Debug|Any CPU
		{2EC60E31-7ACC-4136-BCDD-952B9D3209D2}.Debug|Any CPU.Build.0 = Debug|Any CPU
		{2EC60E31-7ACC-4136-BCDD-952B9D3209D2}.Release|Any CPU.ActiveCfg = Release|Any CPU
		{2EC60E31-7ACC-4136-BCDD-952B9D3209D2}.Release|Any CPU.Build.0 = Release|Any CPU
		{604D9500-B020-48C7-95A7-CF89246A0133}.Debug|Any CPU.ActiveCfg = Debug|Any CPU
		{604D9500-B020-48C7-95A7-CF89246A0133}.Debug|Any CPU.Build.0 = Debug|Any CPU
		{604D9500-B020-48C7-95A7-CF89246A0133}.Release|Any CPU.ActiveCfg = Release|Any CPU
		{604D9500-B020-48C7-95A7-CF89246A0133}.Release|Any CPU.Build.0 = Release|Any CPU
		{064F0F0B-0E77-4173-A637-7F4F52792A17}.Debug|Any CPU.ActiveCfg = Debug|Any CPU
		{064F0F0B-0E77-4173-A637-7F4F52792A17}.Debug|Any CPU.Build.0 = Debug|Any CPU
		{064F0F0B-0E77-4173-A637-7F4F52792A17}.Release|Any CPU.ActiveCfg = Release|Any CPU
		{064F0F0B-0E77-4173-A637-7F4F52792A17}.Release|Any CPU.Build.0 = Release|Any CPU
		{E8CD86E8-441A-4003-8418-74FA82F25974}.Debug|Any CPU.ActiveCfg = Debug|Any CPU
		{E8CD86E8-441A-4003-8418-74FA82F25974}.Debug|Any CPU.Build.0 = Debug|Any CPU
		{E8CD86E8-441A-4003-8418-74FA82F25974}.Release|Any CPU.ActiveCfg = Release|Any CPU
		{E8CD86E8-441A-4003-8418-74FA82F25974}.Release|Any CPU.Build.0 = Release|Any CPU
	EndGlobalSection
EndGlobal
